<?xml version="1.0" encoding="utf-8"?>
<Project ToolsVersion="4.0" xmlns="http://schemas.microsoft.com/developer/msbuild/2003">
  <ItemGroup>
    <Filter Include="소스 파일">
      <UniqueIdentifier>{4FC737F1-C7A5-4376-A066-2A32D752A2FF}</UniqueIdentifier>
      <Extensions>cpp;c;cc;cxx;c++;cppm;ixx;def;odl;idl;hpj;bat;asm;asmx</Extensions>
    </Filter>
    <Filter Include="헤더 파일">
      <UniqueIdentifier>{93995380-89BD-4b04-88EB-625FBE52EBFB}</UniqueIdentifier>
      <Extensions>h;hh;hpp;hxx;h++;hm;inl;inc;ipp;xsd</Extensions>
    </Filter>
    <Filter Include="리소스 파일">
      <UniqueIdentifier>{67DA6AB6-F800-4c08-8B7A-83BB121AAD01}</UniqueIdentifier>
      <Extensions>rc;ico;cur;bmp;dlg;rc2;rct;bin;rgs;gif;jpg;jpeg;jpe;resx;tiff;tif;png;wav;mfcribbon-ms</Extensions>
    </Filter>
    <Filter Include="Shared">
      <UniqueIdentifier>{a21463c7-7ca8-4362-9ffe-044684123e43}</UniqueIdentifier>
    </Filter>
  </ItemGroup>
  <ItemGroup>
    <ClInclude Include="..\..\Shared\PacketDef.h">
      <Filter>Shared</Filter>
    </ClInclude>
    <ClInclude Include="..\ServerLog.h">
      <Filter>헤더 파일</Filter>
    </ClInclude>
    <ClInclude Include="..\CTestStage.h">
      <Filter>헤더 파일</Filter>
    </ClInclude>
    <ClInclude Include="..\CStageMgr.h">
      <Filter>헤더 파일</Filter>
    </ClInclude>
    <ClInclude Include="..\CSessionMgr.h">
      <Filter>헤더 파일</Filter>
    </ClInclude>
    <ClInclude Include="..\CSession.h">
      <Filter>헤더 파일</Filter>
    </ClInclude>
    <ClInclude Include="..\CServer.h">
      <Filter>헤더 파일</Filter>
    </ClInclude>
    <ClInclude Include="..\CGameLoop.h">
      <Filter>헤더 파일</Filter>
    </ClInclude>
  </ItemGroup>
  <ItemGroup>
    <ClCompile Include="..\CGameLoop.cpp">
      <Filter>소스 파일</Filter>
    </ClCompile>
    <ClCompile Include="..\CServer.cpp">
      <Filter>소스 파일</Filter>
    </ClCompile>
    <ClCompile Include="..\CSession.cpp">
      <Filter>소스 파일</Filter>
    </ClCompile>
    <ClCompile Include="..\CSessionMgr.cpp">
      <Filter>소스 파일</Filter>
    </ClCompile>
    <ClCompile Include="..\CStageMgr.cpp">
      <Filter>소스 파일</Filter>
    </ClCompile>
    <ClCompile Include="..\CTestStage.cpp">
      <Filter>소스 파일</Filter>
    </ClCompile>
    <ClCompile Include="..\main.cpp">
      <Filter>소스 파일</Filter>
    </ClCompile>
  </ItemGroup>
</Project>